{
  "name": "Kyosist",
  "lockfileVersion": 2,
  "requires": true,
  "packages": {
    "": {
      "dependencies": {
        "@openai/codex": "^0.128.0",
        "bson": "^7.2.0"
      }
    },
    "node_modules/@openai/codex": {
      "version": "0.128.0",
      "resolved": "https://registry.npmjs.org/@openai/codex/-/codex-0.128.0.tgz",
      "integrity": "sha512-+xp6ODmFfBNnexIWRHApEaPXot2j6gyM8A5we/5IS/uY4eYHj4arETct4hQ5M4eO+MK7JY3ZU4xhuobhlysr0A==",
      "bin": {
        "codex": "bin/codex.js"
      },
      "engines": {
        "node": ">=16"
      },
      "optionalDependencies": {
        "@openai/codex-darwin-arm64": "npm:@openai/codex@0.128.0-darwin-arm64",
        "@openai/codex-darwin-x64": "npm:@openai/codex@0.128.0-darwin-x64",
        "@openai/codex-linux-arm64": "npm:@openai/codex@0.128.0-linux-arm64",
        "@openai/codex-linux-x64": "npm:@openai/codex@0.128.0-linux-x64",
        "@openai/codex-win32-arm64": "npm:@openai/codex@0.128.0-win32-arm64",
        "@openai/codex-win32-x64": "npm:@openai/codex@0.128.0-win32-x64"
      }
    },
    "node_modules/@openai/codex-darwin-arm64": {
      "name": "@openai/codex",
      "version": "0.128.0-darwin-arm64",
      "resolved": "https://registry.npmjs.org/@openai/codex/-/codex-0.128.0-darwin-arm64.tgz",
      "integrity": "sha512-w+6zohfHx/kHBdles/CyFKaY57u9I3nK8QI9+NrdwMliKA0b7xn13yblRNkMpe09j6vL1oAWoxYsMOQ/vjBGug==",
      "cpu": [
        "arm64"
      ],
      "optional": true,
      "os": [
        "darwin"
      ],
      "engines": {
        "node": ">=16"
      }
    },
    "node_modules/@openai/codex-darwin-x64": {
      "name": "@openai/codex",
      "version": "0.128.0-darwin-x64",
      "resolved": "https://registry.npmjs.org/@openai/codex/-/codex-0.128.0-darwin-x64.tgz",
      "integrity": "sha512-SDbn6fO22Puy8xmMIbZi4f2znMrUEPwABApke4mo+4ihaauwuVjeqzXvW5SPJz5ty/bG11/mSupQgReT7T8BBw==",
      "cpu": [
        "x64"
      ],
      "optional": true,
      "os": [
        "darwin"
      ],
      "engines": {
        "node": ">=16"
      }
    },
    "node_modules/@openai/codex-linux-arm64": {
      "name": "@openai/codex",
      "version": "0.128.0-linux-arm64",
      "resolved": "https://registry.npmjs.org/@openai/codex/-/codex-0.128.0-linux-arm64.tgz",
      "integrity": "sha512-+SvH73H60qvCXFuQGP/EsmR//s1hHMBR22PvJkXvM/hdnTIGucx+JqRUjAWdmmQ1IU6j3kgwVvdLW/6ICB+M6w==",
      "cpu": [
        "arm64"
      ],
      "optional": true,
      "os": [
        "linux"
      ],
      "engines": {
        "node": ">=16"
      }
    },
    "node_modules/@openai/codex-linux-x64": {
      "name": "@openai/codex",
      "version": "0.128.0-linux-x64",
      "resolved": "https://registry.npmjs.org/@openai/codex/-/codex-0.128.0-linux-x64.tgz",
      "integrity": "sha512-2lnSPA05CRRuKAzFW8BCmmNCSieDcToLwfC2ALLbBYilGLgzhRibjlDglK9F1BkEzfohSSWJu4PBbRu/aG60lQ==",
      "cpu": [
        "x64"
      ],
      "optional": true,
      "os": [
        "linux"
      ],
      "engines": {
        "node": ">=16"
      }
    },
    "node_modules/@openai/codex-win32-arm64": {
      "name": "@openai/codex",
      "version": "0.128.0-win32-arm64",
      "resolved": "https://registry.npmjs.org/@openai/codex/-/codex-0.128.0-win32-arm64.tgz",
      "integrity": "sha512-ECJvsqmYFdA9pn42xxK3Odp/G16AjmBW0BglX8L0PwPjqbstbmlew9bfHf7xvL+SNfNl4NmyotW0+RNo1phgaA==",
      "cpu": [
        "arm64"
      ],
      "optional": true,
      "os": [
        "win32"
      ],
      "engines": {
        "node": ">=16"
      }
    },
    "node_modules/@openai/codex-win32-x64": {
      "name": "@openai/codex",
      "version": "0.128.0-win32-x64",
      "resolved": "https://registry.npmjs.org/@openai/codex/-/codex-0.128.0-win32-x64.tgz",
      "integrity": "sha512-k3jmUAFrzkUtvjGTXvSKjQqJLLlzjxp/VoHJDYedgmXUn6j70HxK38IwapzmnYfiBiTuzETvGwjXHzZgzKjhoQ==",
      "cpu": [
        "x64"
      ],
      "optional": true,
      "os": [
        "win32"
      ],
      "engines": {
        "node": ">=16"
      }
    },
    "node_modules/bson": {
      "version": "7.2.0",
      "resolved": "https://registry.npmjs.org/bson/-/bson-7.2.0.tgz",
      "integrity": "sha512-YCEo7KjMlbNlyHhz7zAZNDpIpQbd+wOEHJYezv0nMYTn4x31eIUM2yomNNubclAt63dObUzKHWsBLJ9QcZNSnQ==",
      "engines": {
        "node": ">=20.19.0"
      }
    }
  },
  "dependencies": {
    "@openai/codex": {
      "version": "0.128.0",
      "resolved": "https://registry.npmjs.org/@openai/codex/-/codex-0.128.0.tgz",
      "integrity": "sha512-+xp6ODmFfBNnexIWRHApEaPXot2j6gyM8A5we/5IS/uY4eYHj4arETct4hQ5M4eO+MK7JY3ZU4xhuobhlysr0A==",
      "requires": {
        "@openai/codex-darwin-arm64": "npm:@openai/codex@0.128.0-darwin-arm64",
        "@openai/codex-darwin-x64": "npm:@openai/codex@0.128.0-darwin-x64",
        "@openai/codex-linux-arm64": "npm:@openai/codex@0.128.0-linux-arm64",
        "@openai/codex-linux-x64": "npm:@openai/codex@0.128.0-linux-x64",
        "@openai/codex-win32-arm64": "npm:@openai/codex@0.128.0-win32-arm64",
        "@openai/codex-win32-x64": "npm:@openai/codex@0.128.0-win32-x64"
      }
    },
    "@openai/codex-darwin-arm64": {
      "version": "npm:@openai/codex@0.128.0-darwin-arm64",
      "resolved": "https://registry.npmjs.org/@openai/codex/-/codex-0.128.0-darwin-arm64.tgz",
      "integrity": "sha512-w+6zohfHx/kHBdles/CyFKaY57u9I3nK8QI9+NrdwMliKA0b7xn13yblRNkMpe09j6vL1oAWoxYsMOQ/vjBGug==",
      "optional": true
    },
    "@openai/codex-darwin-x64": {
      "version": "npm:@openai/codex@0.128.0-darwin-x64",
      "resolved": "https://registry.npmjs.org/@openai/codex/-/codex-0.128.0-darwin-x64.tgz",
      "integrity": "sha512-SDbn6fO22Puy8xmMIbZi4f2znMrUEPwABApke4mo+4ihaauwuVjeqzXvW5SPJz5ty/bG11/mSupQgReT7T8BBw==",
      "optional": true
    },
    "@openai/codex-linux-arm64": {
      "version": "npm:@openai/codex@0.128.0-linux-arm64",
      "resolved": "https://registry.npmjs.org/@openai/codex/-/codex-0.128.0-linux-arm64.tgz",
      "integrity": "sha512-+SvH73H60qvCXFuQGP/EsmR//s1hHMBR22PvJkXvM/hdnTIGucx+JqRUjAWdmmQ1IU6j3kgwVvdLW/6ICB+M6w==",
      "optional": true
    },
    "@openai/codex-linux-x64": {
      "version": "npm:@openai/codex@0.128.0-linux-x64",
      "resolved": "https://registry.npmjs.org/@openai/codex/-/codex-0.128.0-linux-x64.tgz",
      "integrity": "sha512-2lnSPA05CRRuKAzFW8BCmmNCSieDcToLwfC2ALLbBYilGLgzhRibjlDglK9F1BkEzfohSSWJu4PBbRu/aG60lQ==",
      "optional": true
    },
    "@openai/codex-win32-arm64": {
      "version": "npm:@openai/codex@0.128.0-win32-arm64",
      "resolved": "https://registry.npmjs.org/@openai/codex/-/codex-0.128.0-win32-arm64.tgz",
      "integrity": "sha512-ECJvsqmYFdA9pn42xxK3Odp/G16AjmBW0BglX8L0PwPjqbstbmlew9bfHf7xvL+SNfNl4NmyotW0+RNo1phgaA==",
      "optional": true
    },
    "@openai/codex-win32-x64": {
      "version": "npm:@openai/codex@0.128.0-win32-x64",
      "resolved": "https://registry.npmjs.org/@openai/codex/-/codex-0.128.0-win32-x64.tgz",
      "integrity": "sha512-k3jmUAFrzkUtvjGTXvSKjQqJLLlzjxp/VoHJDYedgmXUn6j70HxK38IwapzmnYfiBiTuzETvGwjXHzZgzKjhoQ==",
      "optional": true
    },
    "bson": {
      "version": "7.2.0",
      "resolved": "https://registry.npmjs.org/bson/-/bson-7.2.0.tgz",
      "integrity": "sha512-YCEo7KjMlbNlyHhz7zAZNDpIpQbd+wOEHJYezv0nMYTn4x31eIUM2yomNNubclAt63dObUzKHWsBLJ9QcZNSnQ=="
    }
  }
}
